
Microsoft Visual Studio Solution File, Format Version 12.00
# Visual Studio Version 17
VisualStudioVersion = 17.5.33103.201
MinimumVisualStudioVersion = 10.0.40219.1
Project("{2150E333-8FDC-42A3-9474-1A3956D46DE8}") = "src", "src", "{12C7B9C6-09E0-48FC-A201-7A7484AF788E}"
EndProject
Project("{FAE04EC0-301F-11D3-BF4B-00C04F79EFBC}") = "Storage.Host", "src\Storage.Host\Storage.Host.csproj", "{ED6EB824-83BA-4D85-AF5A-0A650A6C5561}"
EndProject
Project("{FAE04EC0-301F-11D3-BF4B-00C04F79EFBC}") = "Minio", "..\..\..\minio-dotnet\Minio\Minio.csproj", "{1AB177EC-FC9B-450D-BB87-5A5742DC3C09}"
EndProject
Global
	GlobalSection(SolutionConfigurationPlatforms) = preSolution
		Debug|Any CPU = Debug|Any CPU
		Release|Any CPU = Release|Any CPU
	EndGlobalSection
	GlobalSection(ProjectConfigurationPlatforms) = postSolution
		{ED6EB824-83BA-4D85-AF5A-0A650A6C5561}.Debug|Any CPU.ActiveCfg = Debug|Any CPU
		{ED6EB824-83BA-4D85-AF5A-0A650A6C5561}.Debug|Any CPU.Build.0 = Debug|Any CPU
		{ED6EB824-83BA-4D85-AF5A-0A650A6C5561}.Release|Any CPU.ActiveCfg = Release|Any CPU
		{ED6EB824-83BA-4D85-AF5A-0A650A6C5561}.Release|Any CPU.Build.0 = Release|Any CPU
		{1AB177EC-FC9B-450D-BB87-5A5742DC3C09}.Debug|Any CPU.ActiveCfg = Debug|Any CPU
		{1AB177EC-FC9B-450D-BB87-5A5742DC3C09}.Debug|Any CPU.Build.0 = Debug|Any CPU
		{1AB177EC-FC9B-450D-BB87-5A5742DC3C09}.Release|Any CPU.ActiveCfg = Release|Any CPU
		{1AB177EC-FC9B-450D-BB87-5A5742DC3C09}.Release|Any CPU.Build.0 = Release|Any CPU
	EndGlobalSection
	GlobalSection(SolutionProperties) = preSolution
		HideSolutionNode = FALSE
	EndGlobalSection
	GlobalSection(NestedProjects) = preSolution
		{ED6EB824-83BA-4D85-AF5A-0A650A6C5561} = {12C7B9C6-09E0-48FC-A201-7A7484AF788E}
		{1AB177EC-FC9B-450D-BB87-5A5742DC3C09} = {12C7B9C6-09E0-48FC-A201-7A7484AF788E}
	EndGlobalSection
	GlobalSection(ExtensibilityGlobals) = postSolution
		SolutionGuid = {2093F218-BE9F-4A46-9B87-9D10DEEA5C06}
	EndGlobalSection
EndGlobal
